
Microsoft Visual Studio Solution File, Format Version 12.00
# Visual Studio Version 17
VisualStudioVersion = 17.5.001.0
MinimumVisualStudioVersion = 10.0.40219.1
Project("{9A19103F-16F7-4668-BE54-9A1E7A4F7556}") = "Task00", "Task00.csproj", "{63654429-1D6F-48FF-9A39-A2A7D726971A}"
EndProject
Global
	GlobalSection(SolutionConfigurationPlatforms) = preSolution
		Debug|Any CPU = Debug|Any CPU
		Release|Any CPU = Release|Any CPU
	EndGlobalSection
	GlobalSection(ProjectConfigurationPlatforms) = postSolution
		{63654429-1D6F-48FF-9A39-A2A7D726971A}.Debug|Any CPU.ActiveCfg = Debug|Any CPU
		{63654429-1D6F-48FF-9A39-A2A7D726971A}.Debug|Any CPU.Build.0 = Debug|Any CPU
		{63654429-1D6F-48FF-9A39-A2A7D726971A}.Release|Any CPU.ActiveCfg = Release|Any CPU
		{63654429-1D6F-48FF-9A39-A2A7D726971A}.Release|Any CPU.Build.0 = Release|Any CPU
	EndGlobalSection
	GlobalSection(SolutionProperties) = preSolution
		HideSolutionNode = FALSE
	EndGlobalSection
	GlobalSection(ExtensibilityGlobals) = postSolution
		SolutionGuid = {3564A668-1230-4CA9-A159-DE223D9F95CF}
	EndGlobalSection
EndGlobal
